// !$*UTF8*$!
{
	archiveVersion = 1;
	classes = {
	};
	objectVersion = 55;
	objects = {

/* Begin PBXBuildFile section */
		11609921283266BD00EE6666 /* MainViewController.swift in Sources */ = {isa = PBXBuildFile; fileRef = 11609920283266BD00EE6666 /* MainViewController.swift */; };
		116099232832794300EE6666 /* CardsViewController.swift in Sources */ = {isa = PBXBuildFile; fileRef = 116099222832794300EE6666 /* CardsViewController.swift */; };
		11D3A1BC2833CC26008C9806 /* AddSubjectViewController.swift in Sources */ = {isa = PBXBuildFile; fileRef = 11D3A1BB2833CC26008C9806 /* AddSubjectViewController.swift */; };
		11F8BE872828CB700091052A /* AppDelegate.swift in Sources */ = {isa = PBXBuildFile; fileRef = 11F8BE862828CB700091052A /* AppDelegate.swift */; };
		11F8BE892828CB700091052A /* SceneDelegate.swift in Sources */ = {isa = PBXBuildFile; fileRef = 11F8BE882828CB700091052A /* SceneDelegate.swift */; };
		11F8BE8B2828CB700091052A /* SubjectViewController.swift in Sources */ = {isa = PBXBuildFile; fileRef = 11F8BE8A2828CB700091052A /* SubjectViewController.swift */; };
		11F8BE8E2828CB700091052A /* Main.storyboard in Resources */ = {isa = PBXBuildFile; fileRef = 11F8BE8C2828CB700091052A /* Main.storyboard */; };
		11F8BE902828CB760091052A /* Assets.xcassets in Resources */ = {isa = PBXBuildFile; fileRef = 11F8BE8F2828CB760091052A /* Assets.xcassets */; };
		11F8BE932828CB760091052A /* LaunchScreen.storyboard in Resources */ = {isa = PBXBuildFile; fileRef = 11F8BE912828CB760091052A /* LaunchScreen.storyboard */; };
		16298AF8283117100079E24E /* Card.xcdatamodeld in Sources */ = {isa = PBXBuildFile; fileRef = 16298AF6283117100079E24E /* Card.xcdatamodeld */; };
		16298AFA283120FA0079E24E /* CardModel.swift in Sources */ = {isa = PBXBuildFile; fileRef = 16298AF9283120FA0079E24E /* CardModel.swift */; };
		16298AFC283122AE0079E24E /* CardData.swift in Sources */ = {isa = PBXBuildFile; fileRef = 16298AFB283122AE0079E24E /* CardData.swift */; };
		16298B0028312A840079E24E /* FlipAnimation.swift in Sources */ = {isa = PBXBuildFile; fileRef = 16298AFF28312A840079E24E /* FlipAnimation.swift */; };
/* End PBXBuildFile section */

/* Begin PBXFileReference section */
		11609920283266BD00EE6666 /* MainViewController.swift */ = {isa = PBXFileReference; lastKnownFileType = sourcecode.swift; path = MainViewController.swift; sourceTree = "<group>"; };
		116099222832794300EE6666 /* CardsViewController.swift */ = {isa = PBXFileReference; lastKnownFileType = sourcecode.swift; path = CardsViewController.swift; sourceTree = "<group>"; };
		11D3A1BB2833CC26008C9806 /* AddSubjectViewController.swift */ = {isa = PBXFileReference; lastKnownFileType = sourcecode.swift; path = AddSubjectViewController.swift; sourceTree = "<group>"; };
		11F8BE832828CB700091052A /* Study Flashcards.app */ = {isa = PBXFileReference; explicitFileType = wrapper.application; includeInIndex = 0; path = "Study Flashcards.app"; sourceTree = BUILT_PRODUCTS_DIR; };
		11F8BE862828CB700091052A /* AppDelegate.swift */ = {isa = PBXFileReference; lastKnownFileType = sourcecode.swift; path = AppDelegate.swift; sourceTree = "<group>"; };
		11F8BE882828CB700091052A /* SceneDelegate.swift */ = {isa = PBXFileReference; lastKnownFileType = sourcecode.swift; path = SceneDelegate.swift; sourceTree = "<group>"; };
		11F8BE8A2828CB700091052A /* SubjectViewController.swift */ = {isa = PBXFileReference; lastKnownFileType = sourcecode.swift; path = SubjectViewController.swift; sourceTree = "<group>"; };
		11F8BE8D2828CB700091052A /* Base */ = {isa = PBXFileReference; lastKnownFileType = file.storyboard; name = Base; path = Base.lproj/Main.storyboard; sourceTree = "<group>"; };
		11F8BE8F2828CB760091052A /* Assets.xcassets */ = {isa = PBXFileReference; lastKnownFileType = folder.assetcatalog; path = Assets.xcassets; sourceTree = "<group>"; };
		11F8BE922828CB760091052A /* Base */ = {isa = PBXFileReference; lastKnownFileType = file.storyboard; name = Base; path = Base.lproj/LaunchScreen.storyboard; sourceTree = "<group>"; };
		11F8BE942828CB760091052A /* Info.plist */ = {isa = PBXFileReference; lastKnownFileType = text.plist.xml; path = Info.plist; sourceTree = "<group>"; };
		16298AF7283117100079E24E /* Card.xcdatamodel */ = {isa = PBXFileReference; lastKnownFileType = wrapper.xcdatamodel; path = Card.xcdatamodel; sourceTree = "<group>"; };
		16298AF9283120FA0079E24E /* CardModel.swift */ = {isa = PBXFileReference; lastKnownFileType = sourcecode.swift; path = CardModel.swift; sourceTree = "<group>"; };
		16298AFB283122AE0079E24E /* CardData.swift */ = {isa = PBXFileReference; lastKnownFileType = sourcecode.swift; path = CardData.swift; sourceTree = "<group>"; };
		16298AFF28312A840079E24E /* FlipAnimation.swift */ = {isa = PBXFileReference; lastKnownFileType = sourcecode.swift; path = FlipAnimation.swift; sourceTree = "<group>"; };
/* End PBXFileReference section */

/* Begin PBXFrameworksBuildPhase section */
		11F8BE802828CB700091052A /* Frameworks */ = {
			isa = PBXFrameworksBuildPhase;
			buildActionMask = 2147483647;
			files = (
			);
			runOnlyForDeploymentPostprocessing = 0;
		};
/* End PBXFrameworksBuildPhase section */

/* Begin PBXGroup section */
		11A975362832111300ED153C /* Controller */ = {
			isa = PBXGroup;
			children = (
				11F8BE8A2828CB700091052A /* SubjectViewController.swift */,
				11609920283266BD00EE6666 /* MainViewController.swift */,
				116099222832794300EE6666 /* CardsViewController.swift */,
				11D3A1BB2833CC26008C9806 /* AddSubjectViewController.swift */,
			);
			path = Controller;
			sourceTree = "<group>";
		};
		11ECAF082831FF810028550C /* Model */ = {
			isa = PBXGroup;
			children = (
				16298AFB283122AE0079E24E /* CardData.swift */,
				16298AF9283120FA0079E24E /* CardModel.swift */,
			);
			path = Model;
			sourceTree = "<group>";
		};
		11F8BE7A2828CB700091052A = {
			isa = PBXGroup;
			children = (
				11F8BE852828CB700091052A /* Study Flashcards */,
				11F8BE842828CB700091052A /* Products */,
			);
			sourceTree = "<group>";
		};
		11F8BE842828CB700091052A /* Products */ = {
			isa = PBXGroup;
			children = (
				11F8BE832828CB700091052A /* Study Flashcards.app */,
			);
			name = Products;
			sourceTree = "<group>";
		};
		11F8BE852828CB700091052A /* Study Flashcards */ = {
			isa = PBXGroup;
			children = (
				11A975362832111300ED153C /* Controller */,
				11ECAF082831FF810028550C /* Model */,
				11F8BE862828CB700091052A /* AppDelegate.swift */,
				11F8BE882828CB700091052A /* SceneDelegate.swift */,
				16298AFF28312A840079E24E /* FlipAnimation.swift */,
				11F8BE8C2828CB700091052A /* Main.storyboard */,
				11F8BE8F2828CB760091052A /* Assets.xcassets */,
				11F8BE912828CB760091052A /* LaunchScreen.storyboard */,
				11F8BE942828CB760091052A /* Info.plist */,
				16298AF6283117100079E24E /* Card.xcdatamodeld */,
			);
			path = "Study Flashcards";
			sourceTree = "<group>";
		};
/* End PBXGroup section */

/* Begin PBXNativeTarget section */
		11F8BE822828CB700091052A /* Study Flashcards */ = {
			isa = PBXNativeTarget;
			buildConfigurationList = 11F8BE972828CB760091052A /* Build configuration list for PBXNativeTarget "Study Flashcards" */;
			buildPhases = (
				11F8BE7F2828CB700091052A /* Sources */,
				11F8BE802828CB700091052A /* Frameworks */,
				11F8BE812828CB700091052A /* Resources */,
			);
			buildRules = (
			);
			dependencies = (
			);
			name = "Study Flashcards";
			productName = "Study Flashcards";
			productReference = 11F8BE832828CB700091052A /* Study Flashcards.app */;
			productType = "com.apple.product-type.application";
		};
/* End PBXNativeTarget section */

/* Begin PBXProject section */
		11F8BE7B2828CB700091052A /* Project object */ = {
			isa = PBXProject;
			attributes = {
				BuildIndependentTargetsInParallel = 1;
				LastSwiftUpdateCheck = 1330;
				LastUpgradeCheck = 1330;
				TargetAttributes = {
					11F8BE822828CB700091052A = {
						CreatedOnToolsVersion = 13.3.1;
					};
				};
			};
			buildConfigurationList = 11F8BE7E2828CB700091052A /* Build configuration list for PBXProject "Study Flashcards" */;
			compatibilityVersion = "Xcode 13.0";
			developmentRegion = en;
			hasScannedForEncodings = 0;
			knownRegions = (
				en,
				Base,
			);
			mainGroup = 11F8BE7A2828CB700091052A;
			productRefGroup = 11F8BE842828CB700091052A /* Products */;
			projectDirPath = "";
			projectRoot = "";
			targets = (
				11F8BE822828CB700091052A /* Study Flashcards */,
			);
		};
/* End PBXProject section */

/* Begin PBXResourcesBuildPhase section */
		11F8BE812828CB700091052A /* Resources */ = {
			isa = PBXResourcesBuildPhase;
			buildActionMask = 2147483647;
			files = (
				11F8BE932828CB760091052A /* LaunchScreen.storyboard in Resources */,
				11F8BE902828CB760091052A /* Assets.xcassets in Resources */,
				11F8BE8E2828CB700091052A /* Main.storyboard in Resources */,
			);
			runOnlyForDeploymentPostprocessing = 0;
		};
/* End PBXResourcesBuildPhase section */

/* Begin PBXSourcesBuildPhase section */
		11F8BE7F2828CB700091052A /* Sources */ = {
			isa = PBXSourcesBuildPhase;
			buildActionMask = 2147483647;
			files = (
				16298B0028312A840079E24E /* FlipAnimation.swift in Sources */,
				11609921283266BD00EE6666 /* MainViewController.swift in Sources */,
				116099232832794300EE6666 /* CardsViewController.swift in Sources */,
				11D3A1BC2833CC26008C9806 /* AddSubjectViewController.swift in Sources */,
				11F8BE8B2828CB700091052A /* SubjectViewController.swift in Sources */,
				11F8BE872828CB700091052A /* AppDelegate.swift in Sources */,
				11F8BE892828CB700091052A /* SceneDelegate.swift in Sources */,
				16298AFC283122AE0079E24E /* CardData.swift in Sources */,
				16298AF8283117100079E24E /* Card.xcdatamodeld in Sources */,
				16298AFA283120FA0079E24E /* CardModel.swift in Sources */,
			);
			runOnlyForDeploymentPostprocessing = 0;
		};
/* End PBXSourcesBuildPhase section */

/* Begin PBXVariantGroup section */
		11F8BE8C2828CB700091052A /* Main.storyboard */ = {
			isa = PBXVariantGroup;
			children = (
				11F8BE8D2828CB700091052A /* Base */,
			);
			name = Main.storyboard;
			sourceTree = "<group>";
		};
		11F8BE912828CB760091052A /* LaunchScreen.storyboard */ = {
			isa = PBXVariantGroup;
			children = (
				11F8BE922828CB760091052A /* Base */,
			);
			name = LaunchScreen.storyboard;
			sourceTree = "<group>";
		};
/* End PBXVariantGroup section */

/* Begin XCBuildConfiguration section */
		11F8BE952828CB760091052A /* Debug */ = {
			isa = XCBuildConfiguration;
			buildSettings = {
				ALWAYS_SEARCH_USER_PATHS = NO;
				CLANG_ANALYZER_NONNULL = YES;
				CLANG_ANALYZER_NUMBER_OBJECT_CONVERSION = YES_AGGRESSIVE;
				CLANG_CXX_LANGUAGE_STANDARD = "gnu++17";
				CLANG_ENABLE_MODULES = YES;
				CLANG_ENABLE_OBJC_ARC = YES;
				CLANG_ENABLE_OBJC_WEAK = YES;
				CLANG_WARN_BLOCK_CAPTURE_AUTORELEASING = YES;
				CLANG_WARN_BOOL_CONVERSION = YES;
				CLANG_WARN_COMMA = YES;
				CLANG_WARN_CONSTANT_CONVERSION = YES;
				CLANG_WARN_DEPRECATED_OBJC_IMPLEMENTATIONS = YES;
				CLANG_WARN_DIRECT_OBJC_ISA_USAGE = YES_ERROR;
				CLANG_WARN_DOCUMENTATION_COMMENTS = YES;
				CLANG_WARN_EMPTY_BODY = YES;
				CLANG_WARN_ENUM_CONVERSION = YES;
				CLANG_WARN_INFINITE_RECURSION = YES;
				CLANG_WARN_INT_CONVERSION = YES;
				CLANG_WARN_NON_LITERAL_NULL_CONVERSION = YES;
				CLANG_WARN_OBJC_IMPLICIT_RETAIN_SELF = YES;
				CLANG_WARN_OBJC_LITERAL_CONVERSION = YES;
				CLANG_WARN_OBJC_ROOT_CLASS = YES_ERROR;
				CLANG_WARN_QUOTED_INCLUDE_IN_FRAMEWORK_HEADER = YES;
				CLANG_WARN_RANGE_LOOP_ANALYSIS = YES;
				CLANG_WARN_STRICT_PROTOTYPES = YES;
				CLANG_WARN_SUSPICIOUS_MOVE = YES;
				CLANG_WARN_UNGUARDED_AVAILABILITY = YES_AGGRESSIVE;
				CLANG_WARN_UNREACHABLE_CODE = YES;
				CLANG_WARN__DUPLICATE_METHOD_MATCH = YES;
				COPY_PHASE_STRIP = NO;
				DEBUG_INFORMATION_FORMAT = dwarf;
				ENABLE_STRICT_OBJC_MSGSEND = YES;
				ENABLE_TESTABILITY = YES;
				GCC_C_LANGUAGE_STANDARD = gnu11;
				GCC_DYNAMIC_NO_PIC = NO;
				GCC_NO_COMMON_BLOCKS = YES;
				GCC_OPTIMIZATION_LEVEL = 0;
				GCC_PREPROCESSOR_DEFINITIONS = (
					"DEBUG=1",
					"$(inherited)",
				);
				GCC_WARN_64_TO_32_BIT_CONVERSION = YES;
				GCC_WARN_ABOUT_RETURN_TYPE = YES_ERROR;
				GCC_WARN_UNDECLARED_SELECTOR = YES;
				GCC_WARN_UNINITIALIZED_AUTOS = YES_AGGRESSIVE;
				GCC_WARN_UNUSED_FUNCTION = YES;
				GCC_WARN_UNUSED_VARIABLE = YES;
				IPHONEOS_DEPLOYMENT_TARGET = 14.4;
				MTL_ENABLE_DEBUG_INFO = INCLUDE_SOURCE;
				MTL_FAST_MATH = YES;
				ONLY_ACTIVE_ARCH = YES;
				SDKROOT = iphoneos;
				SWIFT_ACTIVE_COMPILATION_CONDITIONS = DEBUG;
				SWIFT_OPTIMIZATION_LEVEL = "-Onone";
			};
			name = Debug;
		};
		11F8BE962828CB760091052A /* Release */ = {
			isa = XCBuildConfiguration;
			buildSettings = {
				ALWAYS_SEARCH_USER_PATHS = NO;
				CLANG_ANALYZER_NONNULL = YES;
				CLANG_ANALYZER_NUMBER_OBJECT_CONVERSION = YES_AGGRESSIVE;
				CLANG_CXX_LANGUAGE_STANDARD = "gnu++17";
				CLANG_ENABLE_MODULES = YES;
				CLANG_ENABLE_OBJC_ARC = YES;
				CLANG_ENABLE_OBJC_WEAK = YES;
				CLANG_WARN_BLOCK_CAPTURE_AUTORELEASING = YES;
				CLANG_WARN_BOOL_CONVERSION = YES;
				CLANG_WARN_COMMA = YES;
				CLANG_WARN_CONSTANT_CONVERSION = YES;
				CLANG_WARN_DEPRECATED_OBJC_IMPLEMENTATIONS = YES;
				CLANG_WARN_DIRECT_OBJC_ISA_USAGE = YES_ERROR;
				CLANG_WARN_DOCUMENTATION_COMMENTS = YES;
				CLANG_WARN_EMPTY_BODY = YES;
				CLANG_WARN_ENUM_CONVERSION = YES;
				CLANG_WARN_INFINITE_RECURSION = YES;
				CLANG_WARN_INT_CONVERSION = YES;
				CLANG_WARN_NON_LITERAL_NULL_CONVERSION = YES;
				CLANG_WARN_OBJC_IMPLICIT_RETAIN_SELF = YES;
				CLANG_WARN_OBJC_LITERAL_CONVERSION = YES;
				CLANG_WARN_OBJC_ROOT_CLASS = YES_ERROR;
				CLANG_WARN_QUOTED_INCLUDE_IN_FRAMEWORK_HEADER = YES;
				CLANG_WARN_RANGE_LOOP_ANALYSIS = YES;
				CLANG_WARN_STRICT_PROTOTYPES = YES;
				CLANG_WARN_SUSPICIOUS_MOVE = YES;
				CLANG_WARN_UNGUARDED_AVAILABILITY = YES_AGGRESSIVE;
				CLANG_WARN_UNREACHABLE_CODE = YES;
				CLANG_WARN__DUPLICATE_METHOD_MATCH = YES;
				COPY_PHASE_STRIP = NO;
				DEBUG_INFORMATION_FORMAT = "dwarf-with-dsym";
				ENABLE_NS_ASSERTIONS = NO;
				ENABLE_STRICT_OBJC_MSGSEND = YES;
				GCC_C_LANGUAGE_STANDARD = gnu11;
				GCC_NO_COMMON_BLOCKS = YES;
				GCC_WARN_64_TO_32_BIT_CONVERSION = YES;
				GCC_WARN_ABOUT_RETURN_TYPE = YES_ERROR;
				GCC_WARN_UNDECLARED_SELECTOR = YES;
				GCC_WARN_UNINITIALIZED_AUTOS = YES_AGGRESSIVE;
				GCC_WARN_UNUSED_FUNCTION = YES;
				GCC_WARN_UNUSED_VARIABLE = YES;
				IPHONEOS_DEPLOYMENT_TARGET = 14.4;
				MTL_ENABLE_DEBUG_INFO = NO;
				MTL_FAST_MATH = YES;
				SDKROOT = iphoneos;
				SWIFT_COMPILATION_MODE = wholemodule;
				SWIFT_OPTIMIZATION_LEVEL = "-O";
				VALIDATE_PRODUCT = YES;
			};
			name = Release;
		};
		11F8BE982828CB760091052A /* Debug */ = {
			isa = XCBuildConfiguration;
			buildSettings = {
				ASSETCATALOG_COMPILER_APPICON_NAME = AppIcon;
				ASSETCATALOG_COMPILER_GLOBAL_ACCENT_COLOR_NAME = AccentColor;
				CODE_SIGN_IDENTITY = "Apple Development";
				CODE_SIGN_STYLE = Automatic;
				CURRENT_PROJECT_VERSION = 1;
				DEVELOPMENT_TEAM = 32EYFH5L4W;
				GENERATE_INFOPLIST_FILE = YES;
				INFOPLIST_FILE = "Study Flashcards/Info.plist";
				INFOPLIST_KEY_UIApplicationSupportsIndirectInputEvents = YES;
				INFOPLIST_KEY_UILaunchStoryboardName = LaunchScreen;
				INFOPLIST_KEY_UIMainStoryboardFile = Main;
				INFOPLIST_KEY_UISupportedInterfaceOrientations_iPad = "UIInterfaceOrientationPortrait UIInterfaceOrientationPortraitUpsideDown UIInterfaceOrientationLandscapeLeft UIInterfaceOrientationLandscapeRight";
				INFOPLIST_KEY_UISupportedInterfaceOrientations_iPhone = "UIInterfaceOrientationPortrait UIInterfaceOrientationLandscapeLeft UIInterfaceOrientationLandscapeRight";
				LD_RUNPATH_SEARCH_PATHS = (
					"$(inherited)",
					"@executable_path/Frameworks",
				);
				MARKETING_VERSION = 1.0;
				PRODUCT_BUNDLE_IDENTIFIER = "au.edu.uts.Study-Flashcards";
				PRODUCT_NAME = "$(TARGET_NAME)";
				PROVISIONING_PROFILE_SPECIFIER = "";
				SWIFT_EMIT_LOC_STRINGS = YES;
				SWIFT_VERSION = 5.0;
				TARGETED_DEVICE_FAMILY = "1,2";
			};
			name = Debug;
		};
		11F8BE992828CB760091052A /* Release */ = {
			isa = XCBuildConfiguration;
			buildSettings = {
				ASSETCATALOG_COMPILER_APPICON_NAME = AppIcon;
				ASSETCATALOG_COMPILER_GLOBAL_ACCENT_COLOR_NAME = AccentColor;
				CODE_SIGN_IDENTITY = "Apple Development";
				CODE_SIGN_STYLE = Automatic;
				CURRENT_PROJECT_VERSION = 1;
				DEVELOPMENT_TEAM = 32EYFH5L4W;
				GENERATE_INFOPLIST_FILE = YES;
				INFOPLIST_FILE = "Study Flashcards/Info.plist";
				INFOPLIST_KEY_UIApplicationSupportsIndirectInputEvents = YES;
				INFOPLIST_KEY_UILaunchStoryboardName = LaunchScreen;
				INFOPLIST_KEY_UIMainStoryboardFile = Main;
				INFOPLIST_KEY_UISupportedInterfaceOrientations_iPad = "UIInterfaceOrientationPortrait UIInterfaceOrientationPortraitUpsideDown UIInterfaceOrientationLandscapeLeft UIInterfaceOrientationLandscapeRight";
				INFOPLIST_KEY_UISupportedInterfaceOrientations_iPhone = "UIInterfaceOrientationPortrait UIInterfaceOrientationLandscapeLeft UIInterfaceOrientationLandscapeRight";
				LD_RUNPATH_SEARCH_PATHS = (
					"$(inherited)",
					"@executable_path/Frameworks",
				);
				MARKETING_VERSION = 1.0;
				PRODUCT_BUNDLE_IDENTIFIER = "au.edu.uts.Study-Flashcards";
				PRODUCT_NAME = "$(TARGET_NAME)";
				PROVISIONING_PROFILE_SPECIFIER = "";
				SWIFT_EMIT_LOC_STRINGS = YES;
				SWIFT_VERSION = 5.0;
				TARGETED_DEVICE_FAMILY = "1,2";
			};
			name = Release;
		};
/* End XCBuildConfiguration section */

/* Begin XCConfigurationList section */
		11F8BE7E2828CB700091052A /* Build configuration list for PBXProject "Study Flashcards" */ = {
			isa = XCConfigurationList;
			buildConfigurations = (
				11F8BE952828CB760091052A /* Debug */,
				11F8BE962828CB760091052A /* Release */,
			);
			defaultConfigurationIsVisible = 0;
			defaultConfigurationName = Release;
		};
		11F8BE972828CB760091052A /* Build configuration list for PBXNativeTarget "Study Flashcards" */ = {
			isa = XCConfigurationList;
			buildConfigurations = (
				11F8BE982828CB760091052A /* Debug */,
				11F8BE992828CB760091052A /* Release */,
			);
			defaultConfigurationIsVisible = 0;
			defaultConfigurationName = Release;
		};
/* End XCConfigurationList section */

/* Begin XCVersionGroup section */
		16298AF6283117100079E24E /* Card.xcdatamodeld */ = {
			isa = XCVersionGroup;
			children = (
				16298AF7283117100079E24E /* Card.xcdatamodel */,
			);
			currentVersion = 16298AF7283117100079E24E /* Card.xcdatamodel */;
			path = Card.xcdatamodeld;
			sourceTree = "<group>";
			versionGroupType = wrapper.xcdatamodel;
		};
/* End XCVersionGroup section */
	};
	rootObject = 11F8BE7B2828CB700091052A /* Project object */;
}
